
Microsoft Visual Studio Solution File, Format Version 12.00
# Visual Studio Version 17
VisualStudioVersion = 17.13.35828.75 d17.13
MinimumVisualStudioVersion = 10.0.40219.1
Project("{FAE04EC0-301F-11D3-BF4B-00C04F79EFBC}") = "KargoTakipUygulamasi.UI", "KargoTakipUygulamasi.UI\KargoTakipUygulamasi.UI.csproj", "{5B07C06A-2733-471F-80C8-F24C16305123}"
EndProject
Global
	GlobalSection(SolutionConfigurationPlatforms) = preSolution
		Debug|Any CPU = Debug|Any CPU
		Release|Any CPU = Release|Any CPU
	EndGlobalSection
	GlobalSection(ProjectConfigurationPlatforms) = postSolution
		{5B07C06A-2733-471F-80C8-F24C16305123}.Debug|Any CPU.ActiveCfg = Debug|Any CPU
		{5B07C06A-2733-471F-80C8-F24C16305123}.Debug|Any CPU.Build.0 = Debug|Any CPU
		{5B07C06A-2733-471F-80C8-F24C16305123}.Release|Any CPU.ActiveCfg = Release|Any CPU
		{5B07C06A-2733-471F-80C8-F24C16305123}.Release|Any CPU.Build.0 = Release|Any CPU
	EndGlobalSection
	GlobalSection(SolutionProperties) = preSolution
		HideSolutionNode = FALSE
	EndGlobalSection
	GlobalSection(ExtensibilityGlobals) = postSolution
		SolutionGuid = {414843C4-9994-465C-83F2-A6991268CD57}
	EndGlobalSection
EndGlobal
